<?xml version="1.0" encoding="utf-8"?>
<Project ToolsVersion="4.0" xmlns="http://schemas.microsoft.com/developer/msbuild/2003">
  <ItemGroup>
    <Filter Include="Craft">
      <UniqueIdentifier>{5597FB0C-C1AB-23BE-8A2D-C71DF60020EF}</UniqueIdentifier>
    </Filter>
    <Filter Include="Craft\Core">
      <UniqueIdentifier>{CD989166-B950-D3B3-2258-AC0F0E2F6EA4}</UniqueIdentifier>
    </Filter>
    <Filter Include="Craft\Event">
      <UniqueIdentifier>{6684EC38-D239-652E-5B2E-5F05C7E25B32}</UniqueIdentifier>
    </Filter>
    <Filter Include="Craft\Graphics">
      <UniqueIdentifier>{356F6B85-213D-5F8B-0AD1-CFB1F63D3BF0}</UniqueIdentifier>
    </Filter>
    <Filter Include="Craft\Graphics\Cameras">
      <UniqueIdentifier>{20F8F342-0CF2-1C95-F55E-B3A5E1F78201}</UniqueIdentifier>
    </Filter>
    <Filter Include="Craft\Graphics\CraftGL">
      <UniqueIdentifier>{2716C369-1310-ECBB-FC7C-82CCE8155228}</UniqueIdentifier>
    </Filter>
    <Filter Include="Craft\Graphics\Image">
      <UniqueIdentifier>{E724DA8C-D3B3-6356-7CD2-7751684074FC}</UniqueIdentifier>
    </Filter>
    <Filter Include="Craft\Graphics\Primitives">
      <UniqueIdentifier>{F0E10F5E-5CA4-43E8-A554-D27411561CC6}</UniqueIdentifier>
    </Filter>
    <Filter Include="Craft\Graphics\Shaders">
      <UniqueIdentifier>{0EF91122-FAF2-3A74-E35F-D184CFF8A0E0}</UniqueIdentifier>
    </Filter>
    <Filter Include="Craft\ImGui">
      <UniqueIdentifier>{3F782F39-AB2D-A82E-3422-A205A0D69E32}</UniqueIdentifier>
    </Filter>
    <Filter Include="Craft\Math">
      <UniqueIdentifier>{4ED99666-3A91-D8B3-A398-B10F8F6F73A4}</UniqueIdentifier>
    </Filter>
    <Filter Include="Craft\System">
      <UniqueIdentifier>{C9586377-B5BB-F21B-5E41-2BD24A83BE9E}</UniqueIdentifier>
    </Filter>
    <Filter Include="Craft\System\Vfs">
      <UniqueIdentifier>{87D69FB7-73CF-BE09-9C01-A48E88599E15}</UniqueIdentifier>
    </Filter>
    <Filter Include="Craft\Window">
      <UniqueIdentifier>{9C72937F-88D5-2224-315B-5BDA1D9DEEA6}</UniqueIdentifier>
    </Filter>
    <Filter Include="Logger">
      <UniqueIdentifier>{25F339C1-1195-6497-FA4F-78EBE690EBE7}</UniqueIdentifier>
    </Filter>
    <Filter Include="Platform">
      <UniqueIdentifier>{2AC788B4-1694-E3BF-3FAD-D1672BD9184E}</UniqueIdentifier>
    </Filter>
    <Filter Include="Platform\OpenGL">
      <UniqueIdentifier>{1E7D2C1D-8A08-9AE1-9319-1DD6FF23F6E1}</UniqueIdentifier>
    </Filter>
    <Filter Include="Platform\Windows">
      <UniqueIdentifier>{64FBD71A-50F4-F66C-7926-DCF1657ED678}</UniqueIdentifier>
    </Filter>
    <Filter Include="Utils">
      <UniqueIdentifier>{F68B420E-62A0-6ABF-2B22-0E1F97F566F0}</UniqueIdentifier>
    </Filter>
  </ItemGroup>
  <ItemGroup>
    <ClInclude Include="src\Craft.h" />
    <ClInclude Include="src\Craft\Core\Application.h">
      <Filter>Craft\Core</Filter>
    </ClInclude>
    <ClInclude Include="src\Craft\Core\Core.h">
      <Filter>Craft\Core</Filter>
    </ClInclude>
    <ClInclude Include="src\Craft\Core\EntryPoint.h">
      <Filter>Craft\Core</Filter>
    </ClInclude>
    <ClInclude Include="src\Craft\Core\InputHandler.h">
      <Filter>Craft\Core</Filter>
    </ClInclude>
    <ClInclude Include="src\Craft\Core\Layer.h">
      <Filter>Craft\Core</Filter>
    </ClInclude>
    <ClInclude Include="src\Craft\Core\LayerStack.h">
      <Filter>Craft\Core</Filter>
    </ClInclude>
    <ClInclude Include="src\Craft\Core\Log.h">
      <Filter>Craft\Core</Filter>
    </ClInclude>
    <ClInclude Include="src\Craft\Core\Types.h">
      <Filter>Craft\Core</Filter>
    </ClInclude>
    <ClInclude Include="src\Craft\Event\ApplicationEvent.h">
      <Filter>Craft\Event</Filter>
    </ClInclude>
    <ClInclude Include="src\Craft\Event\Event.h">
      <Filter>Craft\Event</Filter>
    </ClInclude>
    <ClInclude Include="src\Craft\Event\KeyEvent.h">
      <Filter>Craft\Event</Filter>
    </ClInclude>
    <ClInclude Include="src\Craft\Event\MouseEvent.h">
      <Filter>Craft\Event</Filter>
    </ClInclude>
    <ClInclude Include="src\Craft\Graphics\Buffer.h">
      <Filter>Craft\Graphics</Filter>
    </ClInclude>
    <ClInclude Include="src\Craft\Graphics\Cameras\Camera.h">
      <Filter>Craft\Graphics\Cameras</Filter>
    </ClInclude>
    <ClInclude Include="src\Craft\Graphics\Cameras\OrthographicCamera.h">
      <Filter>Craft\Graphics\Cameras</Filter>
    </ClInclude>
    <ClInclude Include="src\Craft\Graphics\Cameras\PerspectiveCamera.h">
      <Filter>Craft\Graphics\Cameras</Filter>
    </ClInclude>
    <ClInclude Include="src\Craft\Graphics\CraftGL\CraftGL.h">
      <Filter>Craft\Graphics\CraftGL</Filter>
    </ClInclude>
    <ClInclude Include="src\Craft\Graphics\CraftGL\CraftGLBuffer.h">
      <Filter>Craft\Graphics\CraftGL</Filter>
    </ClInclude>
    <ClInclude Include="src\Craft\Graphics\CraftGL\CraftGLContext.h">
      <Filter>Craft\Graphics\CraftGL</Filter>
    </ClInclude>
    <ClInclude Include="src\Craft\Graphics\GraphicsContext.h">
      <Filter>Craft\Graphics</Filter>
    </ClInclude>
    <ClInclude Include="src\Craft\Graphics\Image\Image.h">
      <Filter>Craft\Graphics\Image</Filter>
    </ClInclude>
    <ClInclude Include="src\Craft\Graphics\Image\ImageHeaders.h">
      <Filter>Craft\Graphics\Image</Filter>
    </ClInclude>
    <ClInclude Include="src\Craft\Graphics\Image\ImageLoader.h">
      <Filter>Craft\Graphics\Image</Filter>
    </ClInclude>
    <ClInclude Include="src\Craft\Graphics\Primitives\Cube.h">
      <Filter>Craft\Graphics\Primitives</Filter>
    </ClInclude>
    <ClInclude Include="src\Craft\Graphics\Primitives\Mesh.h">
      <Filter>Craft\Graphics\Primitives</Filter>
    </ClInclude>
    <ClInclude Include="src\Craft\Graphics\Primitives\Shape.h">
      <Filter>Craft\Graphics\Primitives</Filter>
    </ClInclude>
    <ClInclude Include="src\Craft\Graphics\Primitives\Sprite.h">
      <Filter>Craft\Graphics\Primitives</Filter>
    </ClInclude>
    <ClInclude Include="src\Craft\Graphics\RenderCommand.h">
      <Filter>Craft\Graphics</Filter>
    </ClInclude>
    <ClInclude Include="src\Craft\Graphics\Renderer.h">
      <Filter>Craft\Graphics</Filter>
    </ClInclude>
    <ClInclude Include="src\Craft\Graphics\RendererAPI.h">
      <Filter>Craft\Graphics</Filter>
    </ClInclude>
    <ClInclude Include="src\Craft\Graphics\Shader.h">
      <Filter>Craft\Graphics</Filter>
    </ClInclude>
    <ClInclude Include="src\Craft\Graphics\Shaders\ShaderFactory.h">
      <Filter>Craft\Graphics\Shaders</Filter>
    </ClInclude>
    <ClInclude Include="src\Craft\Graphics\Texture.h">
      <Filter>Craft\Graphics</Filter>
    </ClInclude>
    <ClInclude Include="src\Craft\Graphics\VertexArray.h">
      <Filter>Craft\Graphics</Filter>
    </ClInclude>
    <ClInclude Include="src\Craft\ImGui\ImGuiLayer.h">
      <Filter>Craft\ImGui</Filter>
    </ClInclude>
    <ClInclude Include="src\Craft\Math\Math.h">
      <Filter>Craft\Math</Filter>
    </ClInclude>
    <ClInclude Include="src\Craft\Math\MathUtils.h">
      <Filter>Craft\Math</Filter>
    </ClInclude>
    <ClInclude Include="src\Craft\Math\Matrix.h">
      <Filter>Craft\Math</Filter>
    </ClInclude>
    <ClInclude Include="src\Craft\Math\Vectors.h">
      <Filter>Craft\Math</Filter>
    </ClInclude>
    <ClInclude Include="src\Craft\System\FileSystem.h">
      <Filter>Craft\System</Filter>
    </ClInclude>
    <ClInclude Include="src\Craft\System\Vfs\VFS.h">
      <Filter>Craft\System\Vfs</Filter>
    </ClInclude>
    <ClInclude Include="src\Craft\Window\Window.h">
      <Filter>Craft\Window</Filter>
    </ClInclude>
    <ClInclude Include="src\Craft\Window\WindowHandle.h">
      <Filter>Craft\Window</Filter>
    </ClInclude>
    <ClInclude Include="src\Craft\Window\WindowManager.h">
      <Filter>Craft\Window</Filter>
    </ClInclude>
    <ClInclude Include="src\Craft\Window\WindowStyle.h">
      <Filter>Craft\Window</Filter>
    </ClInclude>
    <ClInclude Include="src\Logger\CRLogger.h">
      <Filter>Logger</Filter>
    </ClInclude>
    <ClInclude Include="src\Logger\ConsoleLogStream.h">
      <Filter>Logger</Filter>
    </ClInclude>
    <ClInclude Include="src\Logger\LogCore.h">
      <Filter>Logger</Filter>
    </ClInclude>
    <ClInclude Include="src\Logger\LogStream.h">
      <Filter>Logger</Filter>
    </ClInclude>
    <ClInclude Include="src\Platform\OpenGL\ImGuiImplOpenGL3.h">
      <Filter>Platform\OpenGL</Filter>
    </ClInclude>
    <ClInclude Include="src\Platform\OpenGL\OpenGL.h">
      <Filter>Platform\OpenGL</Filter>
    </ClInclude>
    <ClInclude Include="src\Platform\OpenGL\OpenGLContext.h">
      <Filter>Platform\OpenGL</Filter>
    </ClInclude>
    <ClInclude Include="src\Platform\OpenGL\OpenGLRendererAPI.h">
      <Filter>Platform\OpenGL</Filter>
    </ClInclude>
    <ClInclude Include="src\Platform\OpenGL\OpenGLShader.h">
      <Filter>Platform\OpenGL</Filter>
    </ClInclude>
    <ClInclude Include="src\Platform\OpenGL\OpenGLTexture.h">
      <Filter>Platform\OpenGL</Filter>
    </ClInclude>
    <ClInclude Include="src\Platform\OpenGL\OpenGLVertexArray.h">
      <Filter>Platform\OpenGL</Filter>
    </ClInclude>
    <ClInclude Include="src\Platform\OpenGL\OpenglBuffer.h">
      <Filter>Platform\OpenGL</Filter>
    </ClInclude>
    <ClInclude Include="src\Platform\Windows\ImGuiImplWin32.h">
      <Filter>Platform\Windows</Filter>
    </ClInclude>
    <ClInclude Include="src\Platform\Windows\WindowsWindow.h">
      <Filter>Platform\Windows</Filter>
    </ClInclude>
    <ClInclude Include="src\Utils\Timer.h">
      <Filter>Utils</Filter>
    </ClInclude>
    <ClInclude Include="src\crpch.h" />
    <ClInclude Include="src\Craft\Physic\Physic.h" />
    <ClInclude Include="src\Craft\Graphics\Cameras\OrthoCameraContorller.h" />
    <ClInclude Include="src\Craft\Graphics\Cameras\FPSCameraController.h">
      <Filter>Craft\Graphics\Cameras</Filter>
    </ClInclude>
  </ItemGroup>
  <ItemGroup>
    <ClCompile Include="src\Craft\Core\Application.cpp">
      <Filter>Craft\Core</Filter>
    </ClCompile>
    <ClCompile Include="src\Craft\Core\InputHandler.cpp">
      <Filter>Craft\Core</Filter>
    </ClCompile>
    <ClCompile Include="src\Craft\Core\LayerStack.cpp">
      <Filter>Craft\Core</Filter>
    </ClCompile>
    <ClCompile Include="src\Craft\Core\Log.cpp">
      <Filter>Craft\Core</Filter>
    </ClCompile>
    <ClCompile Include="src\Craft\Graphics\Cameras\Camera.cpp">
      <Filter>Craft\Graphics\Cameras</Filter>
    </ClCompile>
    <ClCompile Include="src\Craft\Graphics\Cameras\OrthographicCamera.cpp">
      <Filter>Craft\Graphics\Cameras</Filter>
    </ClCompile>
    <ClCompile Include="src\Craft\Graphics\Cameras\PerspectiveCamera.cpp">
      <Filter>Craft\Graphics\Cameras</Filter>
    </ClCompile>
    <ClCompile Include="src\Craft\Graphics\CraftGL\CraftGLBuffer.cpp">
      <Filter>Craft\Graphics\CraftGL</Filter>
    </ClCompile>
    <ClCompile Include="src\Craft\Graphics\CraftGL\CraftGLContext.cpp">
      <Filter>Craft\Graphics\CraftGL</Filter>
    </ClCompile>
    <ClCompile Include="src\Craft\Graphics\RenderCommand.cpp">
      <Filter>Craft\Graphics</Filter>
    </ClCompile>
    <ClCompile Include="src\Craft\Graphics\Renderer.cpp">
      <Filter>Craft\Graphics</Filter>
    </ClCompile>
    <ClCompile Include="src\Craft\Graphics\RendererAPI.cpp">
      <Filter>Craft\Graphics</Filter>
    </ClCompile>
    <ClCompile Include="src\Craft\ImGui\ImGuiLayer.cpp">
      <Filter>Craft\ImGui</Filter>
    </ClCompile>
    <ClCompile Include="src\Craft\Math\MathUtils.cpp">
      <Filter>Craft\Math</Filter>
    </ClCompile>
    <ClCompile Include="src\Craft\Math\Matrix.cpp">
      <Filter>Craft\Math</Filter>
    </ClCompile>
    <ClCompile Include="src\Craft\Math\Vectors.cpp">
      <Filter>Craft\Math</Filter>
    </ClCompile>
    <ClCompile Include="src\Craft\Window\WindowManager.cpp">
      <Filter>Craft\Window</Filter>
    </ClCompile>
    <ClCompile Include="src\Logger\CRLogger.cpp">
      <Filter>Logger</Filter>
    </ClCompile>
    <ClCompile Include="src\Logger\ConsoleLogStream.cpp">
      <Filter>Logger</Filter>
    </ClCompile>
    <ClCompile Include="src\Platform\OpenGL\ImGuiImplOpenGL3.cpp">
      <Filter>Platform\OpenGL</Filter>
    </ClCompile>
    <ClCompile Include="src\Platform\OpenGL\OpenGLContext.cpp">
      <Filter>Platform\OpenGL</Filter>
    </ClCompile>
    <ClCompile Include="src\Platform\OpenGL\OpenGLRendererAPI.cpp">
      <Filter>Platform\OpenGL</Filter>
    </ClCompile>
    <ClCompile Include="src\Platform\OpenGL\OpenGLShader.cpp">
      <Filter>Platform\OpenGL</Filter>
    </ClCompile>
    <ClCompile Include="src\Platform\OpenGL\OpenGLTexture.cpp">
      <Filter>Platform\OpenGL</Filter>
    </ClCompile>
    <ClCompile Include="src\Platform\OpenGL\OpenGLVertexArray.cpp">
      <Filter>Platform\OpenGL</Filter>
    </ClCompile>
    <ClCompile Include="src\Platform\OpenGL\OpenglBuffer.cpp">
      <Filter>Platform\OpenGL</Filter>
    </ClCompile>
    <ClCompile Include="src\Platform\Windows\ImGuiImplWin32.cpp">
      <Filter>Platform\Windows</Filter>
    </ClCompile>
    <ClCompile Include="src\Platform\Windows\Win32FileSystem.cpp">
      <Filter>Platform\Windows</Filter>
    </ClCompile>
    <ClCompile Include="src\Platform\Windows\Win32OpenGL.cpp">
      <Filter>Platform\Windows</Filter>
    </ClCompile>
    <ClCompile Include="src\Platform\Windows\Win32Timer.cpp">
      <Filter>Platform\Windows</Filter>
    </ClCompile>
    <ClCompile Include="src\Platform\Windows\WindowsWindow.cpp">
      <Filter>Platform\Windows</Filter>
    </ClCompile>
    <ClCompile Include="src\crpch.cpp" />
    <ClCompile Include="src\Craft\Physic\Physic.cpp" />
    <ClCompile Include="src\Craft\Graphics\Cameras\OrthoCameraContorller.cpp" />
  </ItemGroup>
</Project>