<?xml version="1.0" encoding="utf-8"?>
<Project ToolsVersion="4.0" xmlns="http://schemas.microsoft.com/developer/msbuild/2003">
  <ItemGroup>
    <Filter Include="Craft">
      <UniqueIdentifier>{5597FB0C-C1AB-23BE-8A2D-C71DF60020EF}</UniqueIdentifier>
    </Filter>
    <Filter Include="Craft\Event">
      <UniqueIdentifier>{6684EC38-D239-652E-5B2E-5F05C7E25B32}</UniqueIdentifier>
    </Filter>
    <Filter Include="Craft\Graphics">
      <UniqueIdentifier>{356F6B85-213D-5F8B-0AD1-CFB1F63D3BF0}</UniqueIdentifier>
    </Filter>
    <Filter Include="Platform">
      <UniqueIdentifier>{2AC788B4-1694-E3BF-3FAD-D1672BD9184E}</UniqueIdentifier>
    </Filter>
  </ItemGroup>
  <ItemGroup>
    <ClInclude Include="src\Craft.h" />
    <ClInclude Include="src\Craft\Application.h">
      <Filter>Craft</Filter>
    </ClInclude>
    <ClInclude Include="src\Craft\Core.h">
      <Filter>Craft</Filter>
    </ClInclude>
    <ClInclude Include="src\Craft\EntryPoint.h">
      <Filter>Craft</Filter>
    </ClInclude>
    <ClInclude Include="src\Craft\Event\ApplicationEvent.h">
      <Filter>Craft\Event</Filter>
    </ClInclude>
    <ClInclude Include="src\Craft\Event\Event.h">
      <Filter>Craft\Event</Filter>
    </ClInclude>
    <ClInclude Include="src\Craft\Event\KeyEvent.h">
      <Filter>Craft\Event</Filter>
    </ClInclude>
    <ClInclude Include="src\Craft\Event\MouseEvent.h">
      <Filter>Craft\Event</Filter>
    </ClInclude>
    <ClInclude Include="src\Craft\Log.h">
      <Filter>Craft</Filter>
    </ClInclude>
    <ClInclude Include="src\Craft\Types.h">
      <Filter>Craft</Filter>
    </ClInclude>
    <ClInclude Include="src\crpch.h" />
    <ClInclude Include="src\Craft\Graphics\Window\Window.h">
      <Filter>Craft\Graphics</Filter>
    </ClInclude>
    <ClInclude Include="src\Craft\Graphics\Window\WindowHandle.h">
      <Filter>Craft\Graphics</Filter>
    </ClInclude>
    <ClInclude Include="src\Craft\Graphics\Window\WindowStyle.h">
      <Filter>Craft\Graphics</Filter>
    </ClInclude>
    <ClInclude Include="src\Craft\Graphics\Layer.h" />
    <ClInclude Include="src\Utils\Timer.h" />
    <ClInclude Include="src\Craft\Graphics\GraphicsContext.h" />
    <ClInclude Include="src\Platform\Windows\WindowsWindow.h" />
    <ClInclude Include="src\Craft\Graphics\Window\WindowManager.h" />
    <ClInclude Include="src\Craft\Graphics\CGContext.h" />
  </ItemGroup>
  <ItemGroup>
    <ClCompile Include="src\Craft\Application.cpp">
      <Filter>Craft</Filter>
    </ClCompile>
    <ClCompile Include="src\Craft\Log.cpp">
      <Filter>Craft</Filter>
    </ClCompile>
    <ClCompile Include="src\crpch.cpp" />
    <ClCompile Include="src\Platform\Windows\Win32Timer.cpp" />
    <ClCompile Include="src\Platform\Windows\WindowsWindow.cpp">
      <Filter>Platform</Filter>
    </ClCompile>
    <ClCompile Include="src\Craft\Graphics\Window\WindowManager.cpp" />
    <ClCompile Include="src\Craft\Graphics\CGContext.cpp" />
  </ItemGroup>
</Project>