<?xml version="1.0" encoding="utf-8"?>
<Project ToolsVersion="4.0" xmlns="http://schemas.microsoft.com/developer/msbuild/2003">
  <ItemGroup>
    <Filter Include="Craft">
      <UniqueIdentifier>{5597FB0C-C1AB-23BE-8A2D-C71DF60020EF}</UniqueIdentifier>
    </Filter>
  </ItemGroup>
  <ItemGroup>
    <ClInclude Include="src\Craft.h" />
    <ClInclude Include="src\Craft\Application.h">
      <Filter>Craft</Filter>
    </ClInclude>
    <ClInclude Include="src\Craft\Core.h">
      <Filter>Craft</Filter>
    </ClInclude>
    <ClInclude Include="src\Craft\EntryPoint.h">
      <Filter>Craft</Filter>
    </ClInclude>
    <ClInclude Include="src\Craft\Log.h">
      <Filter>Craft</Filter>
    </ClInclude>
    <ClInclude Include="src\Craft\Types.h">
      <Filter>Craft</Filter>
    </ClInclude>
  </ItemGroup>
  <ItemGroup>
    <ClCompile Include="src\Craft\Application.cpp">
      <Filter>Craft</Filter>
    </ClCompile>
    <ClCompile Include="src\Craft\Log.cpp">
      <Filter>Craft</Filter>
    </ClCompile>
  </ItemGroup>
</Project>